
Microsoft Visual Studio Solution File, Format Version 12.00
# Visual Studio 15
VisualStudioVersion = 15.0.28307.1169
MinimumVisualStudioVersion = 10.0.40219.1
Project("{FAE04EC0-301F-11D3-BF4B-00C04F79EFBC}") = "ModelClassCollectionList", "ModelClassCollectionList\ModelClassCollectionList.csproj", "{908E61BC-2452-4C33-BE66-6BF1E6573FD4}"
EndProject
Global
	GlobalSection(SolutionConfigurationPlatforms) = preSolution
		Debug|Any CPU = Debug|Any CPU
		Release|Any CPU = Release|Any CPU
	EndGlobalSection
	GlobalSection(ProjectConfigurationPlatforms) = postSolution
		{908E61BC-2452-4C33-BE66-6BF1E6573FD4}.Debug|Any CPU.ActiveCfg = Debug|Any CPU
		{908E61BC-2452-4C33-BE66-6BF1E6573FD4}.Debug|Any CPU.Build.0 = Debug|Any CPU
		{908E61BC-2452-4C33-BE66-6BF1E6573FD4}.Release|Any CPU.ActiveCfg = Release|Any CPU
		{908E61BC-2452-4C33-BE66-6BF1E6573FD4}.Release|Any CPU.Build.0 = Release|Any CPU
	EndGlobalSection
	GlobalSection(SolutionProperties) = preSolution
		HideSolutionNode = FALSE
	EndGlobalSection
	GlobalSection(ExtensibilityGlobals) = postSolution
		SolutionGuid = {6149C541-1D2C-46F5-B63E-AF5149712807}
	EndGlobalSection
EndGlobal
